
Microsoft Visual Studio Solution File, Format Version 12.00
# Visual Studio Version 17
VisualStudioVersion = 17.14.36705.20 d17.14
MinimumVisualStudioVersion = 10.0.40219.1
Project("{FAE04EC0-301F-11D3-BF4B-00C04F79EFBC}") = "Behaviour", "Behaviour\Behaviour.csproj", "{EBB5188B-6F29-4EEA-A684-9E78906B5F22}"
EndProject
Global
	GlobalSection(SolutionConfigurationPlatforms) = preSolution
		Debug|Any CPU = Debug|Any CPU
		Release|Any CPU = Release|Any CPU
	EndGlobalSection
	GlobalSection(ProjectConfigurationPlatforms) = postSolution
		{EBB5188B-6F29-4EEA-A684-9E78906B5F22}.Debug|Any CPU.ActiveCfg = Debug|Any CPU
		{EBB5188B-6F29-4EEA-A684-9E78906B5F22}.Debug|Any CPU.Build.0 = Debug|Any CPU
		{EBB5188B-6F29-4EEA-A684-9E78906B5F22}.Release|Any CPU.ActiveCfg = Release|Any CPU
		{EBB5188B-6F29-4EEA-A684-9E78906B5F22}.Release|Any CPU.Build.0 = Release|Any CPU
	EndGlobalSection
	GlobalSection(SolutionProperties) = preSolution
		HideSolutionNode = FALSE
	EndGlobalSection
	GlobalSection(ExtensibilityGlobals) = postSolution
		SolutionGuid = {31511FF1-DCD0-480B-8E95-DBA64ACE07C1}
	EndGlobalSection
EndGlobal
